
Microsoft Visual Studio Solution File, Format Version 12.00
# Visual Studio Version 16
VisualStudioVersion = 25.0.1706.7
MinimumVisualStudioVersion = 10.0.40219.1
Project("{FAE04EC0-301F-11D3-BF4B-00C04F79EFBC}") = "CustomList", "CustomList\CustomList.csproj", "{FA153B3F-5F38-44B1-BF41-2BC0EA9147FE}"
EndProject
Global
	GlobalSection(SolutionConfigurationPlatforms) = preSolution
		Debug|Any CPU = Debug|Any CPU
		Release|Any CPU = Release|Any CPU
	EndGlobalSection
	GlobalSection(ProjectConfigurationPlatforms) = postSolution
		{FA153B3F-5F38-44B1-BF41-2BC0EA9147FE}.Debug|Any CPU.ActiveCfg = Debug|Any CPU
		{FA153B3F-5F38-44B1-BF41-2BC0EA9147FE}.Debug|Any CPU.Build.0 = Debug|Any CPU
		{FA153B3F-5F38-44B1-BF41-2BC0EA9147FE}.Release|Any CPU.ActiveCfg = Release|Any CPU
		{FA153B3F-5F38-44B1-BF41-2BC0EA9147FE}.Release|Any CPU.Build.0 = Release|Any CPU
	EndGlobalSection
	GlobalSection(SolutionProperties) = preSolution
		HideSolutionNode = FALSE
	EndGlobalSection
	GlobalSection(ExtensibilityGlobals) = postSolution
		SolutionGuid = {B01F9132-5C9F-4E61-8360-93F6AB43FA27}
	EndGlobalSection
EndGlobal
